// !$*UTF8*$!
{
	archiveVersion = 1;
	classes = {
	};
	objectVersion = 50;
	objects = {

/* Begin PBXBuildFile section */
		E465AE6A24071EEA00C00B96 /* Category.swift in Sources */ = {isa = PBXBuildFile; fileRef = E465AE6924071EEA00C00B96 /* Category.swift */; };
		E465AE6D240721CD00C00B96 /* DataService.swift in Sources */ = {isa = PBXBuildFile; fileRef = E465AE6C240721CD00C00B96 /* DataService.swift */; };
		E49B945423F7ED4800A3ACAB /* AppDelegate.swift in Sources */ = {isa = PBXBuildFile; fileRef = E49B945323F7ED4800A3ACAB /* AppDelegate.swift */; };
		E49B945623F7ED4800A3ACAB /* SceneDelegate.swift in Sources */ = {isa = PBXBuildFile; fileRef = E49B945523F7ED4800A3ACAB /* SceneDelegate.swift */; };
		E49B945823F7ED4800A3ACAB /* CategoriesVC.swift in Sources */ = {isa = PBXBuildFile; fileRef = E49B945723F7ED4800A3ACAB /* CategoriesVC.swift */; };
		E49B945B23F7ED4800A3ACAB /* Main.storyboard in Resources */ = {isa = PBXBuildFile; fileRef = E49B945923F7ED4800A3ACAB /* Main.storyboard */; };
		E49B945D23F7ED4900A3ACAB /* Assets.xcassets in Resources */ = {isa = PBXBuildFile; fileRef = E49B945C23F7ED4900A3ACAB /* Assets.xcassets */; };
		E49B946023F7ED4900A3ACAB /* LaunchScreen.storyboard in Resources */ = {isa = PBXBuildFile; fileRef = E49B945E23F7ED4900A3ACAB /* LaunchScreen.storyboard */; };
		E49B946B23F83B3700A3ACAB /* CategoryCell.swift in Sources */ = {isa = PBXBuildFile; fileRef = E49B946A23F83B3700A3ACAB /* CategoryCell.swift */; };
/* End PBXBuildFile section */

/* Begin PBXFileReference section */
		E465AE6924071EEA00C00B96 /* Category.swift */ = {isa = PBXFileReference; lastKnownFileType = sourcecode.swift; path = Category.swift; sourceTree = "<group>"; };
		E465AE6C240721CD00C00B96 /* DataService.swift */ = {isa = PBXFileReference; lastKnownFileType = sourcecode.swift; path = DataService.swift; sourceTree = "<group>"; };
		E49B945023F7ED4800A3ACAB /* coder-swag.app */ = {isa = PBXFileReference; explicitFileType = wrapper.application; includeInIndex = 0; path = "coder-swag.app"; sourceTree = BUILT_PRODUCTS_DIR; };
		E49B945323F7ED4800A3ACAB /* AppDelegate.swift */ = {isa = PBXFileReference; lastKnownFileType = sourcecode.swift; path = AppDelegate.swift; sourceTree = "<group>"; };
		E49B945523F7ED4800A3ACAB /* SceneDelegate.swift */ = {isa = PBXFileReference; lastKnownFileType = sourcecode.swift; path = SceneDelegate.swift; sourceTree = "<group>"; };
		E49B945723F7ED4800A3ACAB /* CategoriesVC.swift */ = {isa = PBXFileReference; lastKnownFileType = sourcecode.swift; path = CategoriesVC.swift; sourceTree = "<group>"; };
		E49B945A23F7ED4800A3ACAB /* Base */ = {isa = PBXFileReference; lastKnownFileType = file.storyboard; name = Base; path = Base.lproj/Main.storyboard; sourceTree = "<group>"; };
		E49B945C23F7ED4900A3ACAB /* Assets.xcassets */ = {isa = PBXFileReference; lastKnownFileType = folder.assetcatalog; path = Assets.xcassets; sourceTree = "<group>"; };
		E49B945F23F7ED4900A3ACAB /* Base */ = {isa = PBXFileReference; lastKnownFileType = file.storyboard; name = Base; path = Base.lproj/LaunchScreen.storyboard; sourceTree = "<group>"; };
		E49B946123F7ED4900A3ACAB /* Info.plist */ = {isa = PBXFileReference; lastKnownFileType = text.plist.xml; path = Info.plist; sourceTree = "<group>"; };
		E49B946A23F83B3700A3ACAB /* CategoryCell.swift */ = {isa = PBXFileReference; lastKnownFileType = sourcecode.swift; path = CategoryCell.swift; sourceTree = "<group>"; };
/* End PBXFileReference section */

/* Begin PBXFrameworksBuildPhase section */
		E49B944D23F7ED4800A3ACAB /* Frameworks */ = {
			isa = PBXFrameworksBuildPhase;
			buildActionMask = 2147483647;
			files = (
			);
			runOnlyForDeploymentPostprocessing = 0;
		};
/* End PBXFrameworksBuildPhase section */

/* Begin PBXGroup section */
		E465AE6B240721A500C00B96 /* Services */ = {
			isa = PBXGroup;
			children = (
				E465AE6C240721CD00C00B96 /* DataService.swift */,
			);
			path = Services;
			sourceTree = "<group>";
		};
		E49B944723F7ED4800A3ACAB = {
			isa = PBXGroup;
			children = (
				E49B945223F7ED4800A3ACAB /* coder-swag */,
				E49B945123F7ED4800A3ACAB /* Products */,
			);
			sourceTree = "<group>";
		};
		E49B945123F7ED4800A3ACAB /* Products */ = {
			isa = PBXGroup;
			children = (
				E49B945023F7ED4800A3ACAB /* coder-swag.app */,
			);
			name = Products;
			sourceTree = "<group>";
		};
		E49B945223F7ED4800A3ACAB /* coder-swag */ = {
			isa = PBXGroup;
			children = (
				E465AE6B240721A500C00B96 /* Services */,
				E49B946923F839D600A3ACAB /* View */,
				E49B946823F839C100A3ACAB /* Model */,
				E49B946723F839A500A3ACAB /* Controller */,
				E49B945323F7ED4800A3ACAB /* AppDelegate.swift */,
				E49B945523F7ED4800A3ACAB /* SceneDelegate.swift */,
				E49B945923F7ED4800A3ACAB /* Main.storyboard */,
				E49B945C23F7ED4900A3ACAB /* Assets.xcassets */,
				E49B945E23F7ED4900A3ACAB /* LaunchScreen.storyboard */,
				E49B946123F7ED4900A3ACAB /* Info.plist */,
			);
			path = "coder-swag";
			sourceTree = "<group>";
		};
		E49B946723F839A500A3ACAB /* Controller */ = {
			isa = PBXGroup;
			children = (
				E49B945723F7ED4800A3ACAB /* CategoriesVC.swift */,
			);
			path = Controller;
			sourceTree = "<group>";
		};
		E49B946823F839C100A3ACAB /* Model */ = {
			isa = PBXGroup;
			children = (
				E465AE6924071EEA00C00B96 /* Category.swift */,
			);
			path = Model;
			sourceTree = "<group>";
		};
		E49B946923F839D600A3ACAB /* View */ = {
			isa = PBXGroup;
			children = (
				E49B946A23F83B3700A3ACAB /* CategoryCell.swift */,
			);
			path = View;
			sourceTree = "<group>";
		};
/* End PBXGroup section */

/* Begin PBXNativeTarget section */
		E49B944F23F7ED4800A3ACAB /* coder-swag */ = {
			isa = PBXNativeTarget;
			buildConfigurationList = E49B946423F7ED4900A3ACAB /* Build configuration list for PBXNativeTarget "coder-swag" */;
			buildPhases = (
				E49B944C23F7ED4800A3ACAB /* Sources */,
				E49B944D23F7ED4800A3ACAB /* Frameworks */,
				E49B944E23F7ED4800A3ACAB /* Resources */,
			);
			buildRules = (
			);
			dependencies = (
			);
			name = "coder-swag";
			productName = "coder-swag";
			productReference = E49B945023F7ED4800A3ACAB /* coder-swag.app */;
			productType = "com.apple.product-type.application";
		};
/* End PBXNativeTarget section */

/* Begin PBXProject section */
		E49B944823F7ED4800A3ACAB /* Project object */ = {
			isa = PBXProject;
			attributes = {
				LastSwiftUpdateCheck = 1130;
				LastUpgradeCheck = 1130;
				ORGANIZATIONNAME = "Matthias Plancke";
				TargetAttributes = {
					E49B944F23F7ED4800A3ACAB = {
						CreatedOnToolsVersion = 11.3.1;
					};
				};
			};
			buildConfigurationList = E49B944B23F7ED4800A3ACAB /* Build configuration list for PBXProject "coder-swag" */;
			compatibilityVersion = "Xcode 9.3";
			developmentRegion = en;
			hasScannedForEncodings = 0;
			knownRegions = (
				en,
				Base,
			);
			mainGroup = E49B944723F7ED4800A3ACAB;
			productRefGroup = E49B945123F7ED4800A3ACAB /* Products */;
			projectDirPath = "";
			projectRoot = "";
			targets = (
				E49B944F23F7ED4800A3ACAB /* coder-swag */,
			);
		};
/* End PBXProject section */

/* Begin PBXResourcesBuildPhase section */
		E49B944E23F7ED4800A3ACAB /* Resources */ = {
			isa = PBXResourcesBuildPhase;
			buildActionMask = 2147483647;
			files = (
				E49B946023F7ED4900A3ACAB /* LaunchScreen.storyboard in Resources */,
				E49B945D23F7ED4900A3ACAB /* Assets.xcassets in Resources */,
				E49B945B23F7ED4800A3ACAB /* Main.storyboard in Resources */,
			);
			runOnlyForDeploymentPostprocessing = 0;
		};
/* End PBXResourcesBuildPhase section */

/* Begin PBXSourcesBuildPhase section */
		E49B944C23F7ED4800A3ACAB /* Sources */ = {
			isa = PBXSourcesBuildPhase;
			buildActionMask = 2147483647;
			files = (
				E49B945823F7ED4800A3ACAB /* CategoriesVC.swift in Sources */,
				E465AE6A24071EEA00C00B96 /* Category.swift in Sources */,
				E49B945423F7ED4800A3ACAB /* AppDelegate.swift in Sources */,
				E465AE6D240721CD00C00B96 /* DataService.swift in Sources */,
				E49B945623F7ED4800A3ACAB /* SceneDelegate.swift in Sources */,
				E49B946B23F83B3700A3ACAB /* CategoryCell.swift in Sources */,
			);
			runOnlyForDeploymentPostprocessing = 0;
		};
/* End PBXSourcesBuildPhase section */

/* Begin PBXVariantGroup section */
		E49B945923F7ED4800A3ACAB /* Main.storyboard */ = {
			isa = PBXVariantGroup;
			children = (
				E49B945A23F7ED4800A3ACAB /* Base */,
			);
			name = Main.storyboard;
			sourceTree = "<group>";
		};
		E49B945E23F7ED4900A3ACAB /* LaunchScreen.storyboard */ = {
			isa = PBXVariantGroup;
			children = (
				E49B945F23F7ED4900A3ACAB /* Base */,
			);
			name = LaunchScreen.storyboard;
			sourceTree = "<group>";
		};
/* End PBXVariantGroup section */

/* Begin XCBuildConfiguration section */
		E49B946223F7ED4900A3ACAB /* Debug */ = {
			isa = XCBuildConfiguration;
			buildSettings = {
				ALWAYS_SEARCH_USER_PATHS = NO;
				CLANG_ANALYZER_NONNULL = YES;
				CLANG_ANALYZER_NUMBER_OBJECT_CONVERSION = YES_AGGRESSIVE;
				CLANG_CXX_LANGUAGE_STANDARD = "gnu++14";
				CLANG_CXX_LIBRARY = "libc++";
				CLANG_ENABLE_MODULES = YES;
				CLANG_ENABLE_OBJC_ARC = YES;
				CLANG_ENABLE_OBJC_WEAK = YES;
				CLANG_WARN_BLOCK_CAPTURE_AUTORELEASING = YES;
				CLANG_WARN_BOOL_CONVERSION = YES;
				CLANG_WARN_COMMA = YES;
				CLANG_WARN_CONSTANT_CONVERSION = YES;
				CLANG_WARN_DEPRECATED_OBJC_IMPLEMENTATIONS = YES;
				CLANG_WARN_DIRECT_OBJC_ISA_USAGE = YES_ERROR;
				CLANG_WARN_DOCUMENTATION_COMMENTS = YES;
				CLANG_WARN_EMPTY_BODY = YES;
				CLANG_WARN_ENUM_CONVERSION = YES;
				CLANG_WARN_INFINITE_RECURSION = YES;
				CLANG_WARN_INT_CONVERSION = YES;
				CLANG_WARN_NON_LITERAL_NULL_CONVERSION = YES;
				CLANG_WARN_OBJC_IMPLICIT_RETAIN_SELF = YES;
				CLANG_WARN_OBJC_LITERAL_CONVERSION = YES;
				CLANG_WARN_OBJC_ROOT_CLASS = YES_ERROR;
				CLANG_WARN_RANGE_LOOP_ANALYSIS = YES;
				CLANG_WARN_STRICT_PROTOTYPES = YES;
				CLANG_WARN_SUSPICIOUS_MOVE = YES;
				CLANG_WARN_UNGUARDED_AVAILABILITY = YES_AGGRESSIVE;
				CLANG_WARN_UNREACHABLE_CODE = YES;
				CLANG_WARN__DUPLICATE_METHOD_MATCH = YES;
				COPY_PHASE_STRIP = NO;
				DEBUG_INFORMATION_FORMAT = dwarf;
				ENABLE_STRICT_OBJC_MSGSEND = YES;
				ENABLE_TESTABILITY = YES;
				GCC_C_LANGUAGE_STANDARD = gnu11;
				GCC_DYNAMIC_NO_PIC = NO;
				GCC_NO_COMMON_BLOCKS = YES;
				GCC_OPTIMIZATION_LEVEL = 0;
				GCC_PREPROCESSOR_DEFINITIONS = (
					"DEBUG=1",
					"$(inherited)",
				);
				GCC_WARN_64_TO_32_BIT_CONVERSION = YES;
				GCC_WARN_ABOUT_RETURN_TYPE = YES_ERROR;
				GCC_WARN_UNDECLARED_SELECTOR = YES;
				GCC_WARN_UNINITIALIZED_AUTOS = YES_AGGRESSIVE;
				GCC_WARN_UNUSED_FUNCTION = YES;
				GCC_WARN_UNUSED_VARIABLE = YES;
				IPHONEOS_DEPLOYMENT_TARGET = 13.2;
				MTL_ENABLE_DEBUG_INFO = INCLUDE_SOURCE;
				MTL_FAST_MATH = YES;
				ONLY_ACTIVE_ARCH = YES;
				SDKROOT = iphoneos;
				SWIFT_ACTIVE_COMPILATION_CONDITIONS = DEBUG;
				SWIFT_OPTIMIZATION_LEVEL = "-Onone";
			};
			name = Debug;
		};
		E49B946323F7ED4900A3ACAB /* Release */ = {
			isa = XCBuildConfiguration;
			buildSettings = {
				ALWAYS_SEARCH_USER_PATHS = NO;
				CLANG_ANALYZER_NONNULL = YES;
				CLANG_ANALYZER_NUMBER_OBJECT_CONVERSION = YES_AGGRESSIVE;
				CLANG_CXX_LANGUAGE_STANDARD = "gnu++14";
				CLANG_CXX_LIBRARY = "libc++";
				CLANG_ENABLE_MODULES = YES;
				CLANG_ENABLE_OBJC_ARC = YES;
				CLANG_ENABLE_OBJC_WEAK = YES;
				CLANG_WARN_BLOCK_CAPTURE_AUTORELEASING = YES;
				CLANG_WARN_BOOL_CONVERSION = YES;
				CLANG_WARN_COMMA = YES;
				CLANG_WARN_CONSTANT_CONVERSION = YES;
				CLANG_WARN_DEPRECATED_OBJC_IMPLEMENTATIONS = YES;
				CLANG_WARN_DIRECT_OBJC_ISA_USAGE = YES_ERROR;
				CLANG_WARN_DOCUMENTATION_COMMENTS = YES;
				CLANG_WARN_EMPTY_BODY = YES;
				CLANG_WARN_ENUM_CONVERSION = YES;
				CLANG_WARN_INFINITE_RECURSION = YES;
				CLANG_WARN_INT_CONVERSION = YES;
				CLANG_WARN_NON_LITERAL_NULL_CONVERSION = YES;
				CLANG_WARN_OBJC_IMPLICIT_RETAIN_SELF = YES;
				CLANG_WARN_OBJC_LITERAL_CONVERSION = YES;
				CLANG_WARN_OBJC_ROOT_CLASS = YES_ERROR;
				CLANG_WARN_RANGE_LOOP_ANALYSIS = YES;
				CLANG_WARN_STRICT_PROTOTYPES = YES;
				CLANG_WARN_SUSPICIOUS_MOVE = YES;
				CLANG_WARN_UNGUARDED_AVAILABILITY = YES_AGGRESSIVE;
				CLANG_WARN_UNREACHABLE_CODE = YES;
				CLANG_WARN__DUPLICATE_METHOD_MATCH = YES;
				COPY_PHASE_STRIP = NO;
				DEBUG_INFORMATION_FORMAT = "dwarf-with-dsym";
				ENABLE_NS_ASSERTIONS = NO;
				ENABLE_STRICT_OBJC_MSGSEND = YES;
				GCC_C_LANGUAGE_STANDARD = gnu11;
				GCC_NO_COMMON_BLOCKS = YES;
				GCC_WARN_64_TO_32_BIT_CONVERSION = YES;
				GCC_WARN_ABOUT_RETURN_TYPE = YES_ERROR;
				GCC_WARN_UNDECLARED_SELECTOR = YES;
				GCC_WARN_UNINITIALIZED_AUTOS = YES_AGGRESSIVE;
				GCC_WARN_UNUSED_FUNCTION = YES;
				GCC_WARN_UNUSED_VARIABLE = YES;
				IPHONEOS_DEPLOYMENT_TARGET = 13.2;
				MTL_ENABLE_DEBUG_INFO = NO;
				MTL_FAST_MATH = YES;
				SDKROOT = iphoneos;
				SWIFT_COMPILATION_MODE = wholemodule;
				SWIFT_OPTIMIZATION_LEVEL = "-O";
				VALIDATE_PRODUCT = YES;
			};
			name = Release;
		};
		E49B946523F7ED4900A3ACAB /* Debug */ = {
			isa = XCBuildConfiguration;
			buildSettings = {
				ASSETCATALOG_COMPILER_APPICON_NAME = AppIcon;
				CODE_SIGN_STYLE = Automatic;
				DEVELOPMENT_TEAM = JTX37HZ26B;
				INFOPLIST_FILE = "coder-swag/Info.plist";
				LD_RUNPATH_SEARCH_PATHS = (
					"$(inherited)",
					"@executable_path/Frameworks",
				);
				PRODUCT_BUNDLE_IDENTIFIER = "com.PlanckeMatthias.coder-swag";
				PRODUCT_NAME = "$(TARGET_NAME)";
				SWIFT_VERSION = 5.0;
				TARGETED_DEVICE_FAMILY = "1,2";
			};
			name = Debug;
		};
		E49B946623F7ED4900A3ACAB /* Release */ = {
			isa = XCBuildConfiguration;
			buildSettings = {
				ASSETCATALOG_COMPILER_APPICON_NAME = AppIcon;
				CODE_SIGN_STYLE = Automatic;
				DEVELOPMENT_TEAM = JTX37HZ26B;
				INFOPLIST_FILE = "coder-swag/Info.plist";
				LD_RUNPATH_SEARCH_PATHS = (
					"$(inherited)",
					"@executable_path/Frameworks",
				);
				PRODUCT_BUNDLE_IDENTIFIER = "com.PlanckeMatthias.coder-swag";
				PRODUCT_NAME = "$(TARGET_NAME)";
				SWIFT_VERSION = 5.0;
				TARGETED_DEVICE_FAMILY = "1,2";
			};
			name = Release;
		};
/* End XCBuildConfiguration section */

/* Begin XCConfigurationList section */
		E49B944B23F7ED4800A3ACAB /* Build configuration list for PBXProject "coder-swag" */ = {
			isa = XCConfigurationList;
			buildConfigurations = (
				E49B946223F7ED4900A3ACAB /* Debug */,
				E49B946323F7ED4900A3ACAB /* Release */,
			);
			defaultConfigurationIsVisible = 0;
			defaultConfigurationName = Release;
		};
		E49B946423F7ED4900A3ACAB /* Build configuration list for PBXNativeTarget "coder-swag" */ = {
			isa = XCConfigurationList;
			buildConfigurations = (
				E49B946523F7ED4900A3ACAB /* Debug */,
				E49B946623F7ED4900A3ACAB /* Release */,
			);
			defaultConfigurationIsVisible = 0;
			defaultConfigurationName = Release;
		};
/* End XCConfigurationList section */
	};
	rootObject = E49B944823F7ED4800A3ACAB /* Project object */;
}
